
Microsoft Visual Studio Solution File, Format Version 12.00
# Visual Studio Version 17
VisualStudioVersion = 17.2.32630.192
MinimumVisualStudioVersion = 10.0.40219.1
Project("{FAE04EC0-301F-11D3-BF4B-00C04F79EFBC}") = "Books_Spot_Task", "Books_Spot_Task\Books_Spot_Task.csproj", "{5690407D-985A-42B2-BB64-93D244928F5B}"
EndProject
Global
	GlobalSection(SolutionConfigurationPlatforms) = preSolution
		Debug|Any CPU = Debug|Any CPU
		Release|Any CPU = Release|Any CPU
	EndGlobalSection
	GlobalSection(ProjectConfigurationPlatforms) = postSolution
		{5690407D-985A-42B2-BB64-93D244928F5B}.Debug|Any CPU.ActiveCfg = Debug|Any CPU
		{5690407D-985A-42B2-BB64-93D244928F5B}.Debug|Any CPU.Build.0 = Debug|Any CPU
		{5690407D-985A-42B2-BB64-93D244928F5B}.Release|Any CPU.ActiveCfg = Release|Any CPU
		{5690407D-985A-42B2-BB64-93D244928F5B}.Release|Any CPU.Build.0 = Release|Any CPU
	EndGlobalSection
	GlobalSection(SolutionProperties) = preSolution
		HideSolutionNode = FALSE
	EndGlobalSection
	GlobalSection(ExtensibilityGlobals) = postSolution
		SolutionGuid = {3E2E0173-7347-434B-8920-C053E4BC3E6B}
	EndGlobalSection
EndGlobal
